
Microsoft Visual Studio Solution File, Format Version 12.00
# Visual Studio Version 16
VisualStudioVersion = 16.0.31205.134
MinimumVisualStudioVersion = 10.0.40219.1
Project("{9A19103F-16F7-4668-BE54-9A1E7A4F7556}") = "North.UserUI", "North.UserUI\North.UserUI.csproj", "{AF847F8D-461C-464F-A585-1E209CC9763F}"
EndProject
Project("{9A19103F-16F7-4668-BE54-9A1E7A4F7556}") = "North.ClassLib", "North.ClassLib\North.ClassLib.csproj", "{17D9343F-7A2E-4494-9CB5-375E00176DD3}"
EndProject
Global
	GlobalSection(SolutionConfigurationPlatforms) = preSolution
		Debug|Any CPU = Debug|Any CPU
		Release|Any CPU = Release|Any CPU
	EndGlobalSection
	GlobalSection(ProjectConfigurationPlatforms) = postSolution
		{AF847F8D-461C-464F-A585-1E209CC9763F}.Debug|Any CPU.ActiveCfg = Debug|Any CPU
		{AF847F8D-461C-464F-A585-1E209CC9763F}.Debug|Any CPU.Build.0 = Debug|Any CPU
		{AF847F8D-461C-464F-A585-1E209CC9763F}.Release|Any CPU.ActiveCfg = Release|Any CPU
		{AF847F8D-461C-464F-A585-1E209CC9763F}.Release|Any CPU.Build.0 = Release|Any CPU
		{17D9343F-7A2E-4494-9CB5-375E00176DD3}.Debug|Any CPU.ActiveCfg = Debug|Any CPU
		{17D9343F-7A2E-4494-9CB5-375E00176DD3}.Debug|Any CPU.Build.0 = Debug|Any CPU
		{17D9343F-7A2E-4494-9CB5-375E00176DD3}.Release|Any CPU.ActiveCfg = Release|Any CPU
		{17D9343F-7A2E-4494-9CB5-375E00176DD3}.Release|Any CPU.Build.0 = Release|Any CPU
	EndGlobalSection
	GlobalSection(SolutionProperties) = preSolution
		HideSolutionNode = FALSE
	EndGlobalSection
	GlobalSection(ExtensibilityGlobals) = postSolution
		SolutionGuid = {D5E29AB3-184E-4D2A-AA69-FE6E3AD803B1}
	EndGlobalSection
EndGlobal
